// !$*UTF8*$!
{
	archiveVersion = 1;
	classes = {
	};
	objectVersion = 77;
	objects = {

/* Begin PBXBuildFile section */
		02126ED7DA44F98E1006A0CD /* StreamingFileIOTests.swift in Sources */ = {isa = PBXBuildFile; fileRef = 0621D4DDE5F01DD1454BBB2A /* StreamingFileIOTests.swift */; };
		077CE37D0DF619FE292087BB /* CorruptionPhase.swift in Sources */ = {isa = PBXBuildFile; fileRef = 428516F12D8540451C33BA37 /* CorruptionPhase.swift */; };
		0E7C58427AB2E704042CC70F /* View+SplitViewAutosave.swift in Sources */ = {isa = PBXBuildFile; fileRef = 4FC1E16B24E29F72F1E924D4 /* View+SplitViewAutosave.swift */; };
		0FF729F283226A9E544F764D /* manifest-v1.golden.json in Resources */ = {isa = PBXBuildFile; fileRef = AE4B9FB60012A6613E90A60D /* manifest-v1.golden.json */; };
		10A5C0DA92D5CC7552FB7D63 /* CheckedDataAccess.swift in Sources */ = {isa = PBXBuildFile; fileRef = 769D193F6A74AEFF41C67321 /* CheckedDataAccess.swift */; };
		1268EA2F910046766C1943DE /* MP4Atom.swift in Sources */ = {isa = PBXBuildFile; fileRef = FD5653146F430E1E3B03B75D /* MP4Atom.swift */; };
		14FE7150A5A8A9CB7B610D10 /* VideoCorruptorApp.swift in Sources */ = {isa = PBXBuildFile; fileRef = 24EC84C2B2DF75866BB7E65A /* VideoCorruptorApp.swift */; };
		15AF87B32643F46E1A6D123A /* MXFFixtureDefinition.swift in Sources */ = {isa = PBXBuildFile; fileRef = E94918B140C9BC0EC60A8F1C /* MXFFixtureDefinition.swift */; };
		1A1B875804E724218FA5277E /* CheckedBinaryArithmetic.swift in Sources */ = {isa = PBXBuildFile; fileRef = 446811CB661759AD3D06E1C1 /* CheckedBinaryArithmetic.swift */; };
		21BE776799BB7E4948ECA310 /* CorruptorViewModel.swift in Sources */ = {isa = PBXBuildFile; fileRef = FC23F2AC0EEFDA091FBAED40 /* CorruptorViewModel.swift */; };
		23142A289FB491CB48A17860 /* CorruptionConflict.swift in Sources */ = {isa = PBXBuildFile; fileRef = 775B39D32CBDA2691A67DF5B /* CorruptionConflict.swift */; };
		2355172797BD6B5D38DDF062 /* MP4FrameMapBuilder.swift in Sources */ = {isa = PBXBuildFile; fileRef = CCC6D36CEEE603CA04C2E743 /* MP4FrameMapBuilder.swift */; };
		23563F9D62B455E518C617BE /* MXFBERTests.swift in Sources */ = {isa = PBXBuildFile; fileRef = F0799F385BC3A1C1FF93FA4C /* MXFBERTests.swift */; };
		2552DBA5B72220247F8AC783 /* BatchJob.swift in Sources */ = {isa = PBXBuildFile; fileRef = 2AC00B4B23CBA16469F32FF6 /* BatchJob.swift */; };
		25D14AD27FB4D42D98EDCEFA /* SHA256HasherTests.swift in Sources */ = {isa = PBXBuildFile; fileRef = 3DC74F9C5A06E82C18F3BF55 /* SHA256HasherTests.swift */; };
		2A5BD11F83B15D4C273FBB00 /* SeededRNG.swift in Sources */ = {isa = PBXBuildFile; fileRef = B3026E1A39B73D45BE3AD695 /* SeededRNG.swift */; };
		359DBC8E6F525FAB6D853EEB /* CorruptionType.swift in Sources */ = {isa = PBXBuildFile; fileRef = 1A9D9B56A3B740973DD74F62 /* CorruptionType.swift */; };
		36622A064ACF1D7BCF032409 /* DetailView.swift in Sources */ = {isa = PBXBuildFile; fileRef = 41FE56709E7DEC3F5C687D16 /* DetailView.swift */; };
		37BE66778FFACD8B6F4D3999 /* MutationTransactionTests.swift in Sources */ = {isa = PBXBuildFile; fileRef = 547482DB8C6B330AA9A3751A /* MutationTransactionTests.swift */; };
		3CE56C04F297776F17F057CA /* MXFParser.swift in Sources */ = {isa = PBXBuildFile; fileRef = 81AE5D5D10FACF471B12495A /* MXFParser.swift */; };
		43F9D5F71F5C80593F1A8D3E /* FileCorruptor.swift in Sources */ = {isa = PBXBuildFile; fileRef = E9F4B55FD9F7C58C6388E609 /* FileCorruptor.swift */; };
		47BFAA31D69923FBE47581D0 /* StreamingFileIO.swift in Sources */ = {isa = PBXBuildFile; fileRef = A8C82D8B9EB7BF7669F49B01 /* StreamingFileIO.swift */; };
		4B388CD8AB73AF39478000B3 /* CheckedDataAccessTests.swift in Sources */ = {isa = PBXBuildFile; fileRef = 8A17609D1D7700F68DF88511 /* CheckedDataAccessTests.swift */; };
		502C0844D5B5AD2807F17EDA /* ContentView.swift in Sources */ = {isa = PBXBuildFile; fileRef = D00EAA991147AFB9F194B89E /* ContentView.swift */; };
		55E605BAEF61D8FD39503D71 /* SeedDerivationTests.swift in Sources */ = {isa = PBXBuildFile; fileRef = D69453D9573E28F483A10752 /* SeedDerivationTests.swift */; };
		56E0FD2E489F621A215736F6 /* MXFMutationRecord.swift in Sources */ = {isa = PBXBuildFile; fileRef = B13C82E95B8BC1E0A453CDE0 /* MXFMutationRecord.swift */; };
		5F84ACEC831C66C2FEC34B9D /* AppKitButton.swift in Sources */ = {isa = PBXBuildFile; fileRef = 90A1DD877CF98A1B31E2311A /* AppKitButton.swift */; };
		5FDED9BECB6C3D8EDDAB27B1 /* VideoFile.swift in Sources */ = {isa = PBXBuildFile; fileRef = 741FBB420C51877EFD744DB9 /* VideoFile.swift */; };
		628020550863D152B63A47B4 /* SeedDerivation.swift in Sources */ = {isa = PBXBuildFile; fileRef = FB845D28EBF6EBB3230696BB /* SeedDerivation.swift */; };
		64155695A2821671A23DED61 /* MXFInspectionLimits.swift in Sources */ = {isa = PBXBuildFile; fileRef = E1F4319DE9AB835A096EB33C /* MXFInspectionLimits.swift */; };
		6CB9215E159A482709668931 /* ByteSpan.swift in Sources */ = {isa = PBXBuildFile; fileRef = 833772B5ADBFB6AA6FD3060D /* ByteSpan.swift */; };
		6F7B5C66AC0E897AED56E8B3 /* AppKitToolbarButtonStyle.swift in Sources */ = {isa = PBXBuildFile; fileRef = 06610C3451D6D6F2CD054EA2 /* AppKitToolbarButtonStyle.swift */; };
		7EF5E460C2B51A0FF9025EF6 /* MXFElement.swift in Sources */ = {isa = PBXBuildFile; fileRef = 08036198859D7BC4CCFF4E36 /* MXFElement.swift */; };
		81CC67D24709C33AABD751DA /* Assets.xcassets in Resources */ = {isa = PBXBuildFile; fileRef = 5361DF81327985379A662A03 /* Assets.xcassets */; };
		82E38F7162F720BF0F0CC82B /* BatchView.swift in Sources */ = {isa = PBXBuildFile; fileRef = 3A8FB40F6B86406A063086AC /* BatchView.swift */; };
		831D8F64BB211D40334EBA4E /* MXFManifestEncoder.swift in Sources */ = {isa = PBXBuildFile; fileRef = 4712D5C947A460FCE40C58B4 /* MXFManifestEncoder.swift */; };
		8A256063616DA8610B73D2C8 /* CorruptionPreset.swift in Sources */ = {isa = PBXBuildFile; fileRef = 96CD826AD7ACB5617E19D34A /* CorruptionPreset.swift */; };
		8A41437B59630736FCAC0E14 /* MXFStructuralInspectorTests.swift in Sources */ = {isa = PBXBuildFile; fileRef = E033F9CBFC3C9B19402F1385 /* MXFStructuralInspectorTests.swift */; };
		8E5320B8E4F160FE23E60887 /* BatchViewModel.swift in Sources */ = {isa = PBXBuildFile; fileRef = 20878EB1ED100A61F417977B /* BatchViewModel.swift */; };
		943DD23514988E1982155D7E /* CheckedBinaryArithmeticTests.swift in Sources */ = {isa = PBXBuildFile; fileRef = 27CA07D93FB4D09CFA0EFDA0 /* CheckedBinaryArithmeticTests.swift */; };
		99BDC1E68A77F0C4FE0EAE0E /* MXFCorruptor.swift in Sources */ = {isa = PBXBuildFile; fileRef = 884E3B2AA70382D3D8DF7809 /* MXFCorruptor.swift */; };
		9E6D3FC4598115B0819E15D2 /* ManifestGoldenTests.swift in Sources */ = {isa = PBXBuildFile; fileRef = 092C66E971742F3AE0909D49 /* ManifestGoldenTests.swift */; };
		A58335E0F1720B761E9EBEE1 /* BatchManifest.swift in Sources */ = {isa = PBXBuildFile; fileRef = ABE13CF6633663ABB5C908B5 /* BatchManifest.swift */; };
		A7A86517D95F2376523F57E0 /* MXFManifestValidator.swift in Sources */ = {isa = PBXBuildFile; fileRef = 3B6602EC1EB0ECC296B2ED9F /* MXFManifestValidator.swift */; };
		AD7111BB74A5FDEB90DB572D /* SHA256Hasher.swift in Sources */ = {isa = PBXBuildFile; fileRef = 3E3D493B2BA20A8299586550 /* SHA256Hasher.swift */; };
		B102420A95AE06FB13CDB85A /* MP4Parser.swift in Sources */ = {isa = PBXBuildFile; fileRef = DCB716F5A4B85B0D5703388F /* MP4Parser.swift */; };
		C394E75F9DA51B976016E362 /* MXFStructuralDiagnostic.swift in Sources */ = {isa = PBXBuildFile; fileRef = 2ACE96013B8CFE538A5B0F7F /* MXFStructuralDiagnostic.swift */; };
		C4643418EA0C57DE73268855 /* MXFFixtureManifest.swift in Sources */ = {isa = PBXBuildFile; fileRef = 7DFD34ABA3FAA2D9017C54AD /* MXFFixtureManifest.swift */; };
		C5B266A83A26234597F3494A /* MXFEditApplicator.swift in Sources */ = {isa = PBXBuildFile; fileRef = 8E9CECA4A6D805EDBBD85659 /* MXFEditApplicator.swift */; };
		C97A6CFC03620A50A3836832 /* SeedFormatting.swift in Sources */ = {isa = PBXBuildFile; fileRef = 6F30D2F311C5EDA091FF1D63 /* SeedFormatting.swift */; };
		CC37DE9DC6B1539D2C315523 /* SmokeTests.swift in Sources */ = {isa = PBXBuildFile; fileRef = D9B0C6B1A1810CDDFD3A5F89 /* SmokeTests.swift */; };
		CDC01EC35B2A2F3479A292B7 /* CorruptionEngine.swift in Sources */ = {isa = PBXBuildFile; fileRef = DED7AAC1DBFD5AA9C58D788C /* CorruptionEngine.swift */; };
		CF784BB3A713B01C6F7D2066 /* DropZoneView.swift in Sources */ = {isa = PBXBuildFile; fileRef = 1361B5EFBA91BB5022F611ED /* DropZoneView.swift */; };
		D130489E98036D03F21B78AA /* ManifestModelTests.swift in Sources */ = {isa = PBXBuildFile; fileRef = C887397EEE27806835832D16 /* ManifestModelTests.swift */; };
		D2FB5A6236129E9612315C18 /* SettingsView.swift in Sources */ = {isa = PBXBuildFile; fileRef = 2E9924DA9ED0BC7A9B0E16C5 /* SettingsView.swift */; };
		D3976B39B19DDC345D569992 /* CorruptionResult.swift in Sources */ = {isa = PBXBuildFile; fileRef = 1CE2046EE687FD03061E8119 /* CorruptionResult.swift */; };
		D99E1945CEA3EBD21AD774E5 /* MXFCorpusRequest.swift in Sources */ = {isa = PBXBuildFile; fileRef = F7686391AE5AF0A2B335EB2B /* MXFCorpusRequest.swift */; };
		D9FA89B7E153072F3C839F82 /* MP4Corruptor.swift in Sources */ = {isa = PBXBuildFile; fileRef = A2D24F29A735737D8645DFDD /* MP4Corruptor.swift */; };
		DAB7C0F995EA5B2DBC0B6C62 /* Data+BigEndian.swift in Sources */ = {isa = PBXBuildFile; fileRef = CCDD10E196D9135F182596FF /* Data+BigEndian.swift */; };
		DB468EC6C6FB6DB4DD3A1E22 /* MXFInspectedFile.swift in Sources */ = {isa = PBXBuildFile; fileRef = B6D06E134F18C534FD1191B7 /* MXFInspectedFile.swift */; };
		DD99403B04FA541853CF0729 /* MXFCorpusVerifier.swift in Sources */ = {isa = PBXBuildFile; fileRef = 2EA0721D6611B4944462A8ED /* MXFCorpusVerifier.swift */; };
		E0DCD104E26954F98E1EF23B /* CorruptionContext.swift in Sources */ = {isa = PBXBuildFile; fileRef = 640BA4C9FBCD1C6B53FE8F6C /* CorruptionContext.swift */; };
		E1E6122CF09563C89876D15A /* MXFMutationRecorder.swift in Sources */ = {isa = PBXBuildFile; fileRef = 68185FEAA964C9F22B99DEB7 /* MXFMutationRecorder.swift */; };
		E52419F3BE01150185888A17 /* VideoFormat.swift in Sources */ = {isa = PBXBuildFile; fileRef = D8FD8C8476DFFEA8D8A51C74 /* VideoFormat.swift */; };
		E5E9748835DB9A31A0C2A9AD /* MXFCorpusReport.swift in Sources */ = {isa = PBXBuildFile; fileRef = FF3F5B2BB6042A4F762D7264 /* MXFCorpusReport.swift */; };
		EF8F5624C44F5F0FBD246940 /* MXFStructuralInspector.swift in Sources */ = {isa = PBXBuildFile; fileRef = CB51071E5324C00101CA7611 /* MXFStructuralInspector.swift */; };
		F7EA39FAA20608D3D4DE21DD /* TypeSelectionPane.swift in Sources */ = {isa = PBXBuildFile; fileRef = 4C352E2AF4D50898E9AF9245 /* TypeSelectionPane.swift */; };
		FAB52FAD1E9B69E6692239E7 /* CorruptionHandler.swift in Sources */ = {isa = PBXBuildFile; fileRef = 8A94483698E291C4D54038F2 /* CorruptionHandler.swift */; };
		FAFE0326C983500B9E2968AE /* MXFBER.swift in Sources */ = {isa = PBXBuildFile; fileRef = 3EF874A67605DCDA53122862 /* MXFBER.swift */; };
/* End PBXBuildFile section */

/* Begin PBXContainerItemProxy section */
		3A6FBC5813CD54295E4654C8 /* PBXContainerItemProxy */ = {
			isa = PBXContainerItemProxy;
			containerPortal = 65EF5557A5E067810F4CD69B /* Project object */;
			proxyType = 1;
			remoteGlobalIDString = 86F570659ED6C0ED69EC6DB4;
			remoteInfo = VideoCorruptor;
		};
/* End PBXContainerItemProxy section */

/* Begin PBXFileReference section */
		0621D4DDE5F01DD1454BBB2A /* StreamingFileIOTests.swift */ = {isa = PBXFileReference; lastKnownFileType = sourcecode.swift; path = StreamingFileIOTests.swift; sourceTree = "<group>"; };
		06610C3451D6D6F2CD054EA2 /* AppKitToolbarButtonStyle.swift */ = {isa = PBXFileReference; lastKnownFileType = sourcecode.swift; path = AppKitToolbarButtonStyle.swift; sourceTree = "<group>"; };
		08036198859D7BC4CCFF4E36 /* MXFElement.swift */ = {isa = PBXFileReference; lastKnownFileType = sourcecode.swift; path = MXFElement.swift; sourceTree = "<group>"; };
		092C66E971742F3AE0909D49 /* ManifestGoldenTests.swift */ = {isa = PBXFileReference; lastKnownFileType = sourcecode.swift; path = ManifestGoldenTests.swift; sourceTree = "<group>"; };
		1361B5EFBA91BB5022F611ED /* DropZoneView.swift */ = {isa = PBXFileReference; lastKnownFileType = sourcecode.swift; path = DropZoneView.swift; sourceTree = "<group>"; };
		1A9D9B56A3B740973DD74F62 /* CorruptionType.swift */ = {isa = PBXFileReference; lastKnownFileType = sourcecode.swift; path = CorruptionType.swift; sourceTree = "<group>"; };
		1CE2046EE687FD03061E8119 /* CorruptionResult.swift */ = {isa = PBXFileReference; lastKnownFileType = sourcecode.swift; path = CorruptionResult.swift; sourceTree = "<group>"; };
		20878EB1ED100A61F417977B /* BatchViewModel.swift */ = {isa = PBXFileReference; lastKnownFileType = sourcecode.swift; path = BatchViewModel.swift; sourceTree = "<group>"; };
		24EC84C2B2DF75866BB7E65A /* VideoCorruptorApp.swift */ = {isa = PBXFileReference; lastKnownFileType = sourcecode.swift; path = VideoCorruptorApp.swift; sourceTree = "<group>"; };
		27CA07D93FB4D09CFA0EFDA0 /* CheckedBinaryArithmeticTests.swift */ = {isa = PBXFileReference; lastKnownFileType = sourcecode.swift; path = CheckedBinaryArithmeticTests.swift; sourceTree = "<group>"; };
		2AC00B4B23CBA16469F32FF6 /* BatchJob.swift */ = {isa = PBXFileReference; lastKnownFileType = sourcecode.swift; path = BatchJob.swift; sourceTree = "<group>"; };
		2ACE96013B8CFE538A5B0F7F /* MXFStructuralDiagnostic.swift */ = {isa = PBXFileReference; lastKnownFileType = sourcecode.swift; path = MXFStructuralDiagnostic.swift; sourceTree = "<group>"; };
		2E9924DA9ED0BC7A9B0E16C5 /* SettingsView.swift */ = {isa = PBXFileReference; lastKnownFileType = sourcecode.swift; path = SettingsView.swift; sourceTree = "<group>"; };
		2EA0721D6611B4944462A8ED /* MXFCorpusVerifier.swift */ = {isa = PBXFileReference; lastKnownFileType = sourcecode.swift; path = MXFCorpusVerifier.swift; sourceTree = "<group>"; };
		3A8FB40F6B86406A063086AC /* BatchView.swift */ = {isa = PBXFileReference; lastKnownFileType = sourcecode.swift; path = BatchView.swift; sourceTree = "<group>"; };
		3B6602EC1EB0ECC296B2ED9F /* MXFManifestValidator.swift */ = {isa = PBXFileReference; lastKnownFileType = sourcecode.swift; path = MXFManifestValidator.swift; sourceTree = "<group>"; };
		3DC74F9C5A06E82C18F3BF55 /* SHA256HasherTests.swift */ = {isa = PBXFileReference; lastKnownFileType = sourcecode.swift; path = SHA256HasherTests.swift; sourceTree = "<group>"; };
		3E3D493B2BA20A8299586550 /* SHA256Hasher.swift */ = {isa = PBXFileReference; lastKnownFileType = sourcecode.swift; path = SHA256Hasher.swift; sourceTree = "<group>"; };
		3EF874A67605DCDA53122862 /* MXFBER.swift */ = {isa = PBXFileReference; lastKnownFileType = sourcecode.swift; path = MXFBER.swift; sourceTree = "<group>"; };
		41FE56709E7DEC3F5C687D16 /* DetailView.swift */ = {isa = PBXFileReference; lastKnownFileType = sourcecode.swift; path = DetailView.swift; sourceTree = "<group>"; };
		428516F12D8540451C33BA37 /* CorruptionPhase.swift */ = {isa = PBXFileReference; lastKnownFileType = sourcecode.swift; path = CorruptionPhase.swift; sourceTree = "<group>"; };
		446811CB661759AD3D06E1C1 /* CheckedBinaryArithmetic.swift */ = {isa = PBXFileReference; lastKnownFileType = sourcecode.swift; path = CheckedBinaryArithmetic.swift; sourceTree = "<group>"; };
		4712D5C947A460FCE40C58B4 /* MXFManifestEncoder.swift */ = {isa = PBXFileReference; lastKnownFileType = sourcecode.swift; path = MXFManifestEncoder.swift; sourceTree = "<group>"; };
		4C352E2AF4D50898E9AF9245 /* TypeSelectionPane.swift */ = {isa = PBXFileReference; lastKnownFileType = sourcecode.swift; path = TypeSelectionPane.swift; sourceTree = "<group>"; };
		4FC1E16B24E29F72F1E924D4 /* View+SplitViewAutosave.swift */ = {isa = PBXFileReference; lastKnownFileType = sourcecode.swift; path = "View+SplitViewAutosave.swift"; sourceTree = "<group>"; };
		5361DF81327985379A662A03 /* Assets.xcassets */ = {isa = PBXFileReference; lastKnownFileType = folder.assetcatalog; path = Assets.xcassets; sourceTree = "<group>"; };
		547482DB8C6B330AA9A3751A /* MutationTransactionTests.swift */ = {isa = PBXFileReference; lastKnownFileType = sourcecode.swift; path = MutationTransactionTests.swift; sourceTree = "<group>"; };
		640BA4C9FBCD1C6B53FE8F6C /* CorruptionContext.swift */ = {isa = PBXFileReference; lastKnownFileType = sourcecode.swift; path = CorruptionContext.swift; sourceTree = "<group>"; };
		68185FEAA964C9F22B99DEB7 /* MXFMutationRecorder.swift */ = {isa = PBXFileReference; lastKnownFileType = sourcecode.swift; path = MXFMutationRecorder.swift; sourceTree = "<group>"; };
		6F30D2F311C5EDA091FF1D63 /* SeedFormatting.swift */ = {isa = PBXFileReference; lastKnownFileType = sourcecode.swift; path = SeedFormatting.swift; sourceTree = "<group>"; };
		741FBB420C51877EFD744DB9 /* VideoFile.swift */ = {isa = PBXFileReference; lastKnownFileType = sourcecode.swift; path = VideoFile.swift; sourceTree = "<group>"; };
		769D193F6A74AEFF41C67321 /* CheckedDataAccess.swift */ = {isa = PBXFileReference; lastKnownFileType = sourcecode.swift; path = CheckedDataAccess.swift; sourceTree = "<group>"; };
		775B39D32CBDA2691A67DF5B /* CorruptionConflict.swift */ = {isa = PBXFileReference; lastKnownFileType = sourcecode.swift; path = CorruptionConflict.swift; sourceTree = "<group>"; };
		7DFD34ABA3FAA2D9017C54AD /* MXFFixtureManifest.swift */ = {isa = PBXFileReference; lastKnownFileType = sourcecode.swift; path = MXFFixtureManifest.swift; sourceTree = "<group>"; };
		7EEFCFBB8C73C3EFD2605D9D /* VideoCorruptor.entitlements */ = {isa = PBXFileReference; lastKnownFileType = text.plist.entitlements; path = VideoCorruptor.entitlements; sourceTree = "<group>"; };
		81AE5D5D10FACF471B12495A /* MXFParser.swift */ = {isa = PBXFileReference; lastKnownFileType = sourcecode.swift; path = MXFParser.swift; sourceTree = "<group>"; };
		833772B5ADBFB6AA6FD3060D /* ByteSpan.swift */ = {isa = PBXFileReference; lastKnownFileType = sourcecode.swift; path = ByteSpan.swift; sourceTree = "<group>"; };
		884E3B2AA70382D3D8DF7809 /* MXFCorruptor.swift */ = {isa = PBXFileReference; lastKnownFileType = sourcecode.swift; path = MXFCorruptor.swift; sourceTree = "<group>"; };
		8A17609D1D7700F68DF88511 /* CheckedDataAccessTests.swift */ = {isa = PBXFileReference; lastKnownFileType = sourcecode.swift; path = CheckedDataAccessTests.swift; sourceTree = "<group>"; };
		8A94483698E291C4D54038F2 /* CorruptionHandler.swift */ = {isa = PBXFileReference; lastKnownFileType = sourcecode.swift; path = CorruptionHandler.swift; sourceTree = "<group>"; };
		8E9CECA4A6D805EDBBD85659 /* MXFEditApplicator.swift */ = {isa = PBXFileReference; lastKnownFileType = sourcecode.swift; path = MXFEditApplicator.swift; sourceTree = "<group>"; };
		90A1DD877CF98A1B31E2311A /* AppKitButton.swift */ = {isa = PBXFileReference; lastKnownFileType = sourcecode.swift; path = AppKitButton.swift; sourceTree = "<group>"; };
		96CD826AD7ACB5617E19D34A /* CorruptionPreset.swift */ = {isa = PBXFileReference; lastKnownFileType = sourcecode.swift; path = CorruptionPreset.swift; sourceTree = "<group>"; };
		A2D24F29A735737D8645DFDD /* MP4Corruptor.swift */ = {isa = PBXFileReference; lastKnownFileType = sourcecode.swift; path = MP4Corruptor.swift; sourceTree = "<group>"; };
		A711197ACB9AD8E806EF6621 /* VideoCorruptorTests.xctest */ = {isa = PBXFileReference; explicitFileType = wrapper.cfbundle; includeInIndex = 0; path = VideoCorruptorTests.xctest; sourceTree = BUILT_PRODUCTS_DIR; };
		A8C82D8B9EB7BF7669F49B01 /* StreamingFileIO.swift */ = {isa = PBXFileReference; lastKnownFileType = sourcecode.swift; path = StreamingFileIO.swift; sourceTree = "<group>"; };
		ABE13CF6633663ABB5C908B5 /* BatchManifest.swift */ = {isa = PBXFileReference; lastKnownFileType = sourcecode.swift; path = BatchManifest.swift; sourceTree = "<group>"; };
		AC88E4FD30110A7F3992E0C5 /* VideoCorruptor.app */ = {isa = PBXFileReference; explicitFileType = wrapper.application; includeInIndex = 0; path = VideoCorruptor.app; sourceTree = BUILT_PRODUCTS_DIR; };
		AE4B9FB60012A6613E90A60D /* manifest-v1.golden.json */ = {isa = PBXFileReference; lastKnownFileType = text.json; path = "manifest-v1.golden.json"; sourceTree = "<group>"; };
		B13C82E95B8BC1E0A453CDE0 /* MXFMutationRecord.swift */ = {isa = PBXFileReference; lastKnownFileType = sourcecode.swift; path = MXFMutationRecord.swift; sourceTree = "<group>"; };
		B3026E1A39B73D45BE3AD695 /* SeededRNG.swift */ = {isa = PBXFileReference; lastKnownFileType = sourcecode.swift; path = SeededRNG.swift; sourceTree = "<group>"; };
		B6D06E134F18C534FD1191B7 /* MXFInspectedFile.swift */ = {isa = PBXFileReference; lastKnownFileType = sourcecode.swift; path = MXFInspectedFile.swift; sourceTree = "<group>"; };
		C887397EEE27806835832D16 /* ManifestModelTests.swift */ = {isa = PBXFileReference; lastKnownFileType = sourcecode.swift; path = ManifestModelTests.swift; sourceTree = "<group>"; };
		CB51071E5324C00101CA7611 /* MXFStructuralInspector.swift */ = {isa = PBXFileReference; lastKnownFileType = sourcecode.swift; path = MXFStructuralInspector.swift; sourceTree = "<group>"; };
		CCC6D36CEEE603CA04C2E743 /* MP4FrameMapBuilder.swift */ = {isa = PBXFileReference; lastKnownFileType = sourcecode.swift; path = MP4FrameMapBuilder.swift; sourceTree = "<group>"; };
		CCDD10E196D9135F182596FF /* Data+BigEndian.swift */ = {isa = PBXFileReference; lastKnownFileType = sourcecode.swift; path = "Data+BigEndian.swift"; sourceTree = "<group>"; };
		D00EAA991147AFB9F194B89E /* ContentView.swift */ = {isa = PBXFileReference; lastKnownFileType = sourcecode.swift; path = ContentView.swift; sourceTree = "<group>"; };
		D69453D9573E28F483A10752 /* SeedDerivationTests.swift */ = {isa = PBXFileReference; lastKnownFileType = sourcecode.swift; path = SeedDerivationTests.swift; sourceTree = "<group>"; };
		D8FD8C8476DFFEA8D8A51C74 /* VideoFormat.swift */ = {isa = PBXFileReference; lastKnownFileType = sourcecode.swift; path = VideoFormat.swift; sourceTree = "<group>"; };
		D9B0C6B1A1810CDDFD3A5F89 /* SmokeTests.swift */ = {isa = PBXFileReference; lastKnownFileType = sourcecode.swift; path = SmokeTests.swift; sourceTree = "<group>"; };
		DCB716F5A4B85B0D5703388F /* MP4Parser.swift */ = {isa = PBXFileReference; lastKnownFileType = sourcecode.swift; path = MP4Parser.swift; sourceTree = "<group>"; };
		DED7AAC1DBFD5AA9C58D788C /* CorruptionEngine.swift */ = {isa = PBXFileReference; lastKnownFileType = sourcecode.swift; path = CorruptionEngine.swift; sourceTree = "<group>"; };
		E033F9CBFC3C9B19402F1385 /* MXFStructuralInspectorTests.swift */ = {isa = PBXFileReference; lastKnownFileType = sourcecode.swift; path = MXFStructuralInspectorTests.swift; sourceTree = "<group>"; };
		E1F4319DE9AB835A096EB33C /* MXFInspectionLimits.swift */ = {isa = PBXFileReference; lastKnownFileType = sourcecode.swift; path = MXFInspectionLimits.swift; sourceTree = "<group>"; };
		E94918B140C9BC0EC60A8F1C /* MXFFixtureDefinition.swift */ = {isa = PBXFileReference; lastKnownFileType = sourcecode.swift; path = MXFFixtureDefinition.swift; sourceTree = "<group>"; };
		E9F4B55FD9F7C58C6388E609 /* FileCorruptor.swift */ = {isa = PBXFileReference; lastKnownFileType = sourcecode.swift; path = FileCorruptor.swift; sourceTree = "<group>"; };
		F0799F385BC3A1C1FF93FA4C /* MXFBERTests.swift */ = {isa = PBXFileReference; lastKnownFileType = sourcecode.swift; path = MXFBERTests.swift; sourceTree = "<group>"; };
		F7686391AE5AF0A2B335EB2B /* MXFCorpusRequest.swift */ = {isa = PBXFileReference; lastKnownFileType = sourcecode.swift; path = MXFCorpusRequest.swift; sourceTree = "<group>"; };
		FB845D28EBF6EBB3230696BB /* SeedDerivation.swift */ = {isa = PBXFileReference; lastKnownFileType = sourcecode.swift; path = SeedDerivation.swift; sourceTree = "<group>"; };
		FC23F2AC0EEFDA091FBAED40 /* CorruptorViewModel.swift */ = {isa = PBXFileReference; lastKnownFileType = sourcecode.swift; path = CorruptorViewModel.swift; sourceTree = "<group>"; };
		FD5653146F430E1E3B03B75D /* MP4Atom.swift */ = {isa = PBXFileReference; lastKnownFileType = sourcecode.swift; path = MP4Atom.swift; sourceTree = "<group>"; };
		FF3F5B2BB6042A4F762D7264 /* MXFCorpusReport.swift */ = {isa = PBXFileReference; lastKnownFileType = sourcecode.swift; path = MXFCorpusReport.swift; sourceTree = "<group>"; };
/* End PBXFileReference section */

/* Begin PBXGroup section */
		082A474D48AE9388BBA49BC0 /* Generation */ = {
			isa = PBXGroup;
			children = (
				547482DB8C6B330AA9A3751A /* MutationTransactionTests.swift */,
			);
			path = Generation;
			sourceTree = "<group>";
		};
		0C486D4CE6DE83726FD8B106 /* Views */ = {
			isa = PBXGroup;
			children = (
				3A8FB40F6B86406A063086AC /* BatchView.swift */,
				D00EAA991147AFB9F194B89E /* ContentView.swift */,
				41FE56709E7DEC3F5C687D16 /* DetailView.swift */,
				1361B5EFBA91BB5022F611ED /* DropZoneView.swift */,
				2E9924DA9ED0BC7A9B0E16C5 /* SettingsView.swift */,
				4C352E2AF4D50898E9AF9245 /* TypeSelectionPane.swift */,
				BE3C46390ECAE23AD873CB30 /* AppKit */,
			);
			path = Views;
			sourceTree = "<group>";
		};
		15F263F0F081BA6B6F97BD9A /* MXFCorpus */ = {
			isa = PBXGroup;
			children = (
				D69453D9573E28F483A10752 /* SeedDerivationTests.swift */,
				082A474D48AE9388BBA49BC0 /* Generation */,
				4B52BFFC5F79B14C875E0D67 /* Inspection */,
				9D0DEF7ACE3603C65CA96909 /* Manifest */,
				4DD6F7E535B3E1305C0927CB /* Models */,
			);
			path = MXFCorpus;
			sourceTree = "<group>";
		};
		1EEDA937CEEF7FFC555FEF71 = {
			isa = PBXGroup;
			children = (
				424515789D7CDA55A7F1FE5A /* VideoCorruptor */,
				4C1060E1BE245297A93B55D7 /* VideoCorruptorTests */,
				28475FFE72AB71F5E0B4BFAA /* Products */,
			);
			sourceTree = "<group>";
		};
		23B8ED44ABE24C34D3085216 /* Binary */ = {
			isa = PBXGroup;
			children = (
				27CA07D93FB4D09CFA0EFDA0 /* CheckedBinaryArithmeticTests.swift */,
				8A17609D1D7700F68DF88511 /* CheckedDataAccessTests.swift */,
				3DC74F9C5A06E82C18F3BF55 /* SHA256HasherTests.swift */,
				0621D4DDE5F01DD1454BBB2A /* StreamingFileIOTests.swift */,
			);
			path = Binary;
			sourceTree = "<group>";
		};
		28475FFE72AB71F5E0B4BFAA /* Products */ = {
			isa = PBXGroup;
			children = (
				AC88E4FD30110A7F3992E0C5 /* VideoCorruptor.app */,
				A711197ACB9AD8E806EF6621 /* VideoCorruptorTests.xctest */,
			);
			name = Products;
			sourceTree = "<group>";
		};
		3EB2411BFA14A1DE8F65CF09 /* MP4Parser */ = {
			isa = PBXGroup;
			children = (
				CCDD10E196D9135F182596FF /* Data+BigEndian.swift */,
				FD5653146F430E1E3B03B75D /* MP4Atom.swift */,
				CCC6D36CEEE603CA04C2E743 /* MP4FrameMapBuilder.swift */,
				DCB716F5A4B85B0D5703388F /* MP4Parser.swift */,
			);
			path = MP4Parser;
			sourceTree = "<group>";
		};
		424515789D7CDA55A7F1FE5A /* VideoCorruptor */ = {
			isa = PBXGroup;
			children = (
				80645B2A5B70F4E32ECBF43C /* App */,
				5453A8E456D7D9B6240BA53B /* Models */,
				B5667F122E2A855B863615ED /* Resources */,
				E56787C0D2B2E11408F10B45 /* Services */,
				9981997B4D266DD54D34C609 /* ViewModels */,
				0C486D4CE6DE83726FD8B106 /* Views */,
			);
			path = VideoCorruptor;
			sourceTree = "<group>";
		};
		4B52BFFC5F79B14C875E0D67 /* Inspection */ = {
			isa = PBXGroup;
			children = (
				F0799F385BC3A1C1FF93FA4C /* MXFBERTests.swift */,
				E033F9CBFC3C9B19402F1385 /* MXFStructuralInspectorTests.swift */,
			);
			path = Inspection;
			sourceTree = "<group>";
		};
		4C1060E1BE245297A93B55D7 /* VideoCorruptorTests */ = {
			isa = PBXGroup;
			children = (
				D9B0C6B1A1810CDDFD3A5F89 /* SmokeTests.swift */,
				23B8ED44ABE24C34D3085216 /* Binary */,
				15F263F0F081BA6B6F97BD9A /* MXFCorpus */,
			);
			path = VideoCorruptorTests;
			sourceTree = "<group>";
		};
		4DD6F7E535B3E1305C0927CB /* Models */ = {
			isa = PBXGroup;
			children = (
				C887397EEE27806835832D16 /* ManifestModelTests.swift */,
			);
			path = Models;
			sourceTree = "<group>";
		};
		5453A8E456D7D9B6240BA53B /* Models */ = {
			isa = PBXGroup;
			children = (
				2AC00B4B23CBA16469F32FF6 /* BatchJob.swift */,
				ABE13CF6633663ABB5C908B5 /* BatchManifest.swift */,
				775B39D32CBDA2691A67DF5B /* CorruptionConflict.swift */,
				640BA4C9FBCD1C6B53FE8F6C /* CorruptionContext.swift */,
				428516F12D8540451C33BA37 /* CorruptionPhase.swift */,
				96CD826AD7ACB5617E19D34A /* CorruptionPreset.swift */,
				1CE2046EE687FD03061E8119 /* CorruptionResult.swift */,
				1A9D9B56A3B740973DD74F62 /* CorruptionType.swift */,
				741FBB420C51877EFD744DB9 /* VideoFile.swift */,
				D8FD8C8476DFFEA8D8A51C74 /* VideoFormat.swift */,
			);
			path = Models;
			sourceTree = "<group>";
		};
		6204407D9EB3375582B3B1A1 /* Inspection */ = {
			isa = PBXGroup;
			children = (
				3EF874A67605DCDA53122862 /* MXFBER.swift */,
				B6D06E134F18C534FD1191B7 /* MXFInspectedFile.swift */,
				E1F4319DE9AB835A096EB33C /* MXFInspectionLimits.swift */,
				2ACE96013B8CFE538A5B0F7F /* MXFStructuralDiagnostic.swift */,
				CB51071E5324C00101CA7611 /* MXFStructuralInspector.swift */,
			);
			path = Inspection;
			sourceTree = "<group>";
		};
		62F39A4F68429A04626FDE98 /* Fixtures */ = {
			isa = PBXGroup;
			children = (
				AE4B9FB60012A6613E90A60D /* manifest-v1.golden.json */,
			);
			path = Fixtures;
			sourceTree = "<group>";
		};
		7675CA743A71A8505B3355F6 /* MXFParser */ = {
			isa = PBXGroup;
			children = (
				08036198859D7BC4CCFF4E36 /* MXFElement.swift */,
				81AE5D5D10FACF471B12495A /* MXFParser.swift */,
			);
			path = MXFParser;
			sourceTree = "<group>";
		};
		777A5446F0C400B82EC9513C /* MXFCorpus */ = {
			isa = PBXGroup;
			children = (
				D722876A209CF3D0FB8B341F /* Generation */,
				6204407D9EB3375582B3B1A1 /* Inspection */,
				DBC4229F2FF01894D5F9ED5B /* Manifest */,
				83108A095FEFE02459D8C2E7 /* Models */,
			);
			path = MXFCorpus;
			sourceTree = "<group>";
		};
		80645B2A5B70F4E32ECBF43C /* App */ = {
			isa = PBXGroup;
			children = (
				7EEFCFBB8C73C3EFD2605D9D /* VideoCorruptor.entitlements */,
				24EC84C2B2DF75866BB7E65A /* VideoCorruptorApp.swift */,
			);
			path = App;
			sourceTree = "<group>";
		};
		83108A095FEFE02459D8C2E7 /* Models */ = {
			isa = PBXGroup;
			children = (
				FF3F5B2BB6042A4F762D7264 /* MXFCorpusReport.swift */,
				F7686391AE5AF0A2B335EB2B /* MXFCorpusRequest.swift */,
				E94918B140C9BC0EC60A8F1C /* MXFFixtureDefinition.swift */,
				7DFD34ABA3FAA2D9017C54AD /* MXFFixtureManifest.swift */,
				B13C82E95B8BC1E0A453CDE0 /* MXFMutationRecord.swift */,
			);
			path = Models;
			sourceTree = "<group>";
		};
		9981997B4D266DD54D34C609 /* ViewModels */ = {
			isa = PBXGroup;
			children = (
				20878EB1ED100A61F417977B /* BatchViewModel.swift */,
				FC23F2AC0EEFDA091FBAED40 /* CorruptorViewModel.swift */,
			);
			path = ViewModels;
			sourceTree = "<group>";
		};
		9D0DEF7ACE3603C65CA96909 /* Manifest */ = {
			isa = PBXGroup;
			children = (
				092C66E971742F3AE0909D49 /* ManifestGoldenTests.swift */,
				62F39A4F68429A04626FDE98 /* Fixtures */,
			);
			path = Manifest;
			sourceTree = "<group>";
		};
		A90AEE3802DDD863877144EC /* Binary */ = {
			isa = PBXGroup;
			children = (
				833772B5ADBFB6AA6FD3060D /* ByteSpan.swift */,
				446811CB661759AD3D06E1C1 /* CheckedBinaryArithmetic.swift */,
				769D193F6A74AEFF41C67321 /* CheckedDataAccess.swift */,
				3E3D493B2BA20A8299586550 /* SHA256Hasher.swift */,
				A8C82D8B9EB7BF7669F49B01 /* StreamingFileIO.swift */,
			);
			path = Binary;
			sourceTree = "<group>";
		};
		B5667F122E2A855B863615ED /* Resources */ = {
			isa = PBXGroup;
			children = (
				5361DF81327985379A662A03 /* Assets.xcassets */,
			);
			path = Resources;
			sourceTree = "<group>";
		};
		BE3C46390ECAE23AD873CB30 /* AppKit */ = {
			isa = PBXGroup;
			children = (
				90A1DD877CF98A1B31E2311A /* AppKitButton.swift */,
				06610C3451D6D6F2CD054EA2 /* AppKitToolbarButtonStyle.swift */,
				4FC1E16B24E29F72F1E924D4 /* View+SplitViewAutosave.swift */,
			);
			path = AppKit;
			sourceTree = "<group>";
		};
		BF9346B5E13D1EDA9FEE372F /* Corruptors */ = {
			isa = PBXGroup;
			children = (
				8A94483698E291C4D54038F2 /* CorruptionHandler.swift */,
				E9F4B55FD9F7C58C6388E609 /* FileCorruptor.swift */,
				A2D24F29A735737D8645DFDD /* MP4Corruptor.swift */,
				884E3B2AA70382D3D8DF7809 /* MXFCorruptor.swift */,
			);
			path = Corruptors;
			sourceTree = "<group>";
		};
		D722876A209CF3D0FB8B341F /* Generation */ = {
			isa = PBXGroup;
			children = (
				2EA0721D6611B4944462A8ED /* MXFCorpusVerifier.swift */,
				8E9CECA4A6D805EDBBD85659 /* MXFEditApplicator.swift */,
				68185FEAA964C9F22B99DEB7 /* MXFMutationRecorder.swift */,
			);
			path = Generation;
			sourceTree = "<group>";
		};
		DBC4229F2FF01894D5F9ED5B /* Manifest */ = {
			isa = PBXGroup;
			children = (
				4712D5C947A460FCE40C58B4 /* MXFManifestEncoder.swift */,
				3B6602EC1EB0ECC296B2ED9F /* MXFManifestValidator.swift */,
			);
			path = Manifest;
			sourceTree = "<group>";
		};
		E56787C0D2B2E11408F10B45 /* Services */ = {
			isa = PBXGroup;
			children = (
				DED7AAC1DBFD5AA9C58D788C /* CorruptionEngine.swift */,
				A90AEE3802DDD863877144EC /* Binary */,
				BF9346B5E13D1EDA9FEE372F /* Corruptors */,
				3EB2411BFA14A1DE8F65CF09 /* MP4Parser */,
				777A5446F0C400B82EC9513C /* MXFCorpus */,
				7675CA743A71A8505B3355F6 /* MXFParser */,
				FF9D3370086C747C62C20356 /* Seed */,
			);
			path = Services;
			sourceTree = "<group>";
		};
		FF9D3370086C747C62C20356 /* Seed */ = {
			isa = PBXGroup;
			children = (
				FB845D28EBF6EBB3230696BB /* SeedDerivation.swift */,
				B3026E1A39B73D45BE3AD695 /* SeededRNG.swift */,
				6F30D2F311C5EDA091FF1D63 /* SeedFormatting.swift */,
			);
			path = Seed;
			sourceTree = "<group>";
		};
/* End PBXGroup section */

/* Begin PBXNativeTarget section */
		82AF8C8C7C3F8C6E8321141B /* VideoCorruptorTests */ = {
			isa = PBXNativeTarget;
			buildConfigurationList = 3ABF9D7824A5760DF45F3F44 /* Build configuration list for PBXNativeTarget "VideoCorruptorTests" */;
			buildPhases = (
				BA8E1E304A45861DADE47B1B /* Sources */,
				C6B93BA86B3A0C055B116ECB /* Resources */,
			);
			buildRules = (
			);
			dependencies = (
				645F095ABC409D4CC81CA812 /* PBXTargetDependency */,
			);
			name = VideoCorruptorTests;
			packageProductDependencies = (
			);
			productName = VideoCorruptorTests;
			productReference = A711197ACB9AD8E806EF6621 /* VideoCorruptorTests.xctest */;
			productType = "com.apple.product-type.bundle.unit-test";
		};
		86F570659ED6C0ED69EC6DB4 /* VideoCorruptor */ = {
			isa = PBXNativeTarget;
			buildConfigurationList = C42021C78D5699D1E50E756F /* Build configuration list for PBXNativeTarget "VideoCorruptor" */;
			buildPhases = (
				92645755DFF634DE1B02CDF9 /* Sources */,
				021EFD10AC453513F311A1FC /* Resources */,
			);
			buildRules = (
			);
			dependencies = (
			);
			name = VideoCorruptor;
			packageProductDependencies = (
			);
			productName = VideoCorruptor;
			productReference = AC88E4FD30110A7F3992E0C5 /* VideoCorruptor.app */;
			productType = "com.apple.product-type.application";
		};
/* End PBXNativeTarget section */

/* Begin PBXProject section */
		65EF5557A5E067810F4CD69B /* Project object */ = {
			isa = PBXProject;
			attributes = {
				BuildIndependentTargetsInParallel = YES;
				LastUpgradeCheck = 1600;
				TargetAttributes = {
					82AF8C8C7C3F8C6E8321141B = {
						ProvisioningStyle = Automatic;
					};
					86F570659ED6C0ED69EC6DB4 = {
						ProvisioningStyle = Automatic;
					};
				};
			};
			buildConfigurationList = 75271D2F8A21EAF8A6353BB1 /* Build configuration list for PBXProject "VideoCorruptor" */;
			developmentRegion = en;
			hasScannedForEncodings = 0;
			knownRegions = (
				Base,
				en,
			);
			mainGroup = 1EEDA937CEEF7FFC555FEF71;
			minimizedProjectReferenceProxies = 1;
			preferredProjectObjectVersion = 77;
			productRefGroup = 28475FFE72AB71F5E0B4BFAA /* Products */;
			projectDirPath = "";
			projectRoot = "";
			targets = (
				86F570659ED6C0ED69EC6DB4 /* VideoCorruptor */,
				82AF8C8C7C3F8C6E8321141B /* VideoCorruptorTests */,
			);
		};
/* End PBXProject section */

/* Begin PBXResourcesBuildPhase section */
		021EFD10AC453513F311A1FC /* Resources */ = {
			isa = PBXResourcesBuildPhase;
			buildActionMask = 2147483647;
			files = (
				81CC67D24709C33AABD751DA /* Assets.xcassets in Resources */,
			);
			runOnlyForDeploymentPostprocessing = 0;
		};
		C6B93BA86B3A0C055B116ECB /* Resources */ = {
			isa = PBXResourcesBuildPhase;
			buildActionMask = 2147483647;
			files = (
				0FF729F283226A9E544F764D /* manifest-v1.golden.json in Resources */,
			);
			runOnlyForDeploymentPostprocessing = 0;
		};
/* End PBXResourcesBuildPhase section */

/* Begin PBXSourcesBuildPhase section */
		92645755DFF634DE1B02CDF9 /* Sources */ = {
			isa = PBXSourcesBuildPhase;
			buildActionMask = 2147483647;
			files = (
				5F84ACEC831C66C2FEC34B9D /* AppKitButton.swift in Sources */,
				6F7B5C66AC0E897AED56E8B3 /* AppKitToolbarButtonStyle.swift in Sources */,
				2552DBA5B72220247F8AC783 /* BatchJob.swift in Sources */,
				A58335E0F1720B761E9EBEE1 /* BatchManifest.swift in Sources */,
				82E38F7162F720BF0F0CC82B /* BatchView.swift in Sources */,
				8E5320B8E4F160FE23E60887 /* BatchViewModel.swift in Sources */,
				6CB9215E159A482709668931 /* ByteSpan.swift in Sources */,
				1A1B875804E724218FA5277E /* CheckedBinaryArithmetic.swift in Sources */,
				10A5C0DA92D5CC7552FB7D63 /* CheckedDataAccess.swift in Sources */,
				502C0844D5B5AD2807F17EDA /* ContentView.swift in Sources */,
				23142A289FB491CB48A17860 /* CorruptionConflict.swift in Sources */,
				E0DCD104E26954F98E1EF23B /* CorruptionContext.swift in Sources */,
				CDC01EC35B2A2F3479A292B7 /* CorruptionEngine.swift in Sources */,
				FAB52FAD1E9B69E6692239E7 /* CorruptionHandler.swift in Sources */,
				077CE37D0DF619FE292087BB /* CorruptionPhase.swift in Sources */,
				8A256063616DA8610B73D2C8 /* CorruptionPreset.swift in Sources */,
				D3976B39B19DDC345D569992 /* CorruptionResult.swift in Sources */,
				359DBC8E6F525FAB6D853EEB /* CorruptionType.swift in Sources */,
				21BE776799BB7E4948ECA310 /* CorruptorViewModel.swift in Sources */,
				DAB7C0F995EA5B2DBC0B6C62 /* Data+BigEndian.swift in Sources */,
				36622A064ACF1D7BCF032409 /* DetailView.swift in Sources */,
				CF784BB3A713B01C6F7D2066 /* DropZoneView.swift in Sources */,
				43F9D5F71F5C80593F1A8D3E /* FileCorruptor.swift in Sources */,
				1268EA2F910046766C1943DE /* MP4Atom.swift in Sources */,
				D9FA89B7E153072F3C839F82 /* MP4Corruptor.swift in Sources */,
				2355172797BD6B5D38DDF062 /* MP4FrameMapBuilder.swift in Sources */,
				B102420A95AE06FB13CDB85A /* MP4Parser.swift in Sources */,
				FAFE0326C983500B9E2968AE /* MXFBER.swift in Sources */,
				E5E9748835DB9A31A0C2A9AD /* MXFCorpusReport.swift in Sources */,
				D99E1945CEA3EBD21AD774E5 /* MXFCorpusRequest.swift in Sources */,
				DD99403B04FA541853CF0729 /* MXFCorpusVerifier.swift in Sources */,
				99BDC1E68A77F0C4FE0EAE0E /* MXFCorruptor.swift in Sources */,
				C5B266A83A26234597F3494A /* MXFEditApplicator.swift in Sources */,
				7EF5E460C2B51A0FF9025EF6 /* MXFElement.swift in Sources */,
				15AF87B32643F46E1A6D123A /* MXFFixtureDefinition.swift in Sources */,
				C4643418EA0C57DE73268855 /* MXFFixtureManifest.swift in Sources */,
				DB468EC6C6FB6DB4DD3A1E22 /* MXFInspectedFile.swift in Sources */,
				64155695A2821671A23DED61 /* MXFInspectionLimits.swift in Sources */,
				831D8F64BB211D40334EBA4E /* MXFManifestEncoder.swift in Sources */,
				A7A86517D95F2376523F57E0 /* MXFManifestValidator.swift in Sources */,
				56E0FD2E489F621A215736F6 /* MXFMutationRecord.swift in Sources */,
				E1E6122CF09563C89876D15A /* MXFMutationRecorder.swift in Sources */,
				3CE56C04F297776F17F057CA /* MXFParser.swift in Sources */,
				C394E75F9DA51B976016E362 /* MXFStructuralDiagnostic.swift in Sources */,
				EF8F5624C44F5F0FBD246940 /* MXFStructuralInspector.swift in Sources */,
				AD7111BB74A5FDEB90DB572D /* SHA256Hasher.swift in Sources */,
				628020550863D152B63A47B4 /* SeedDerivation.swift in Sources */,
				C97A6CFC03620A50A3836832 /* SeedFormatting.swift in Sources */,
				2A5BD11F83B15D4C273FBB00 /* SeededRNG.swift in Sources */,
				D2FB5A6236129E9612315C18 /* SettingsView.swift in Sources */,
				47BFAA31D69923FBE47581D0 /* StreamingFileIO.swift in Sources */,
				F7EA39FAA20608D3D4DE21DD /* TypeSelectionPane.swift in Sources */,
				14FE7150A5A8A9CB7B610D10 /* VideoCorruptorApp.swift in Sources */,
				5FDED9BECB6C3D8EDDAB27B1 /* VideoFile.swift in Sources */,
				E52419F3BE01150185888A17 /* VideoFormat.swift in Sources */,
				0E7C58427AB2E704042CC70F /* View+SplitViewAutosave.swift in Sources */,
			);
			runOnlyForDeploymentPostprocessing = 0;
		};
		BA8E1E304A45861DADE47B1B /* Sources */ = {
			isa = PBXSourcesBuildPhase;
			buildActionMask = 2147483647;
			files = (
				943DD23514988E1982155D7E /* CheckedBinaryArithmeticTests.swift in Sources */,
				4B388CD8AB73AF39478000B3 /* CheckedDataAccessTests.swift in Sources */,
				23563F9D62B455E518C617BE /* MXFBERTests.swift in Sources */,
				8A41437B59630736FCAC0E14 /* MXFStructuralInspectorTests.swift in Sources */,
				9E6D3FC4598115B0819E15D2 /* ManifestGoldenTests.swift in Sources */,
				D130489E98036D03F21B78AA /* ManifestModelTests.swift in Sources */,
				37BE66778FFACD8B6F4D3999 /* MutationTransactionTests.swift in Sources */,
				25D14AD27FB4D42D98EDCEFA /* SHA256HasherTests.swift in Sources */,
				55E605BAEF61D8FD39503D71 /* SeedDerivationTests.swift in Sources */,
				CC37DE9DC6B1539D2C315523 /* SmokeTests.swift in Sources */,
				02126ED7DA44F98E1006A0CD /* StreamingFileIOTests.swift in Sources */,
			);
			runOnlyForDeploymentPostprocessing = 0;
		};
/* End PBXSourcesBuildPhase section */

/* Begin PBXTargetDependency section */
		645F095ABC409D4CC81CA812 /* PBXTargetDependency */ = {
			isa = PBXTargetDependency;
			target = 86F570659ED6C0ED69EC6DB4 /* VideoCorruptor */;
			targetProxy = 3A6FBC5813CD54295E4654C8 /* PBXContainerItemProxy */;
		};
/* End PBXTargetDependency section */

/* Begin XCBuildConfiguration section */
		0B18A0BD3C37E53C4E797D26 /* Release */ = {
			isa = XCBuildConfiguration;
			buildSettings = {
				ASSETCATALOG_COMPILER_APPICON_NAME = AppIcon;
				CODE_SIGN_ENTITLEMENTS = VideoCorruptor/App/VideoCorruptor.entitlements;
				CODE_SIGN_STYLE = Automatic;
				COMBINE_HIDPI_IMAGES = YES;
				CURRENT_PROJECT_VERSION = 1;
				ENABLE_APP_SANDBOX = NO;
				ENABLE_HARDENED_RUNTIME = YES;
				GENERATE_INFOPLIST_FILE = YES;
				INFOPLIST_GENERATION_MODE = GeneratedByXcode;
				INFOPLIST_KEY_CFBundleDisplayName = VideoCorruptor;
				INFOPLIST_KEY_LSApplicationCategoryType = "public.app-category.developer-tools";
				LD_RUNPATH_SEARCH_PATHS = (
					"$(inherited)",
					"@executable_path/../Frameworks",
				);
				MARKETING_VERSION = 1.0.0;
				PRODUCT_BUNDLE_IDENTIFIER = com.videotools.VideoCorruptor;
				PRODUCT_NAME = VideoCorruptor;
				SDKROOT = macosx;
			};
			name = Release;
		};
		3C57880BA47DD1F3C20B5998 /* Debug */ = {
			isa = XCBuildConfiguration;
			buildSettings = {
				ASSETCATALOG_COMPILER_APPICON_NAME = AppIcon;
				CODE_SIGN_ENTITLEMENTS = VideoCorruptor/App/VideoCorruptor.entitlements;
				CODE_SIGN_STYLE = Automatic;
				COMBINE_HIDPI_IMAGES = YES;
				CURRENT_PROJECT_VERSION = 1;
				ENABLE_APP_SANDBOX = NO;
				ENABLE_HARDENED_RUNTIME = YES;
				GENERATE_INFOPLIST_FILE = YES;
				INFOPLIST_GENERATION_MODE = GeneratedByXcode;
				INFOPLIST_KEY_CFBundleDisplayName = VideoCorruptor;
				INFOPLIST_KEY_LSApplicationCategoryType = "public.app-category.developer-tools";
				LD_RUNPATH_SEARCH_PATHS = (
					"$(inherited)",
					"@executable_path/../Frameworks",
				);
				MARKETING_VERSION = 1.0.0;
				PRODUCT_BUNDLE_IDENTIFIER = com.videotools.VideoCorruptor;
				PRODUCT_NAME = VideoCorruptor;
				SDKROOT = macosx;
			};
			name = Debug;
		};
		439A19DEE8B6512F5CE06784 /* Release */ = {
			isa = XCBuildConfiguration;
			buildSettings = {
				BUNDLE_LOADER = "$(TEST_HOST)";
				CODE_SIGN_STYLE = Automatic;
				COMBINE_HIDPI_IMAGES = YES;
				GENERATE_INFOPLIST_FILE = YES;
				LD_RUNPATH_SEARCH_PATHS = (
					"$(inherited)",
					"@executable_path/../Frameworks",
					"@loader_path/../Frameworks",
				);
				PRODUCT_BUNDLE_IDENTIFIER = com.videotools.VideoCorruptorTests;
				SDKROOT = macosx;
				TEST_HOST = "$(BUILT_PRODUCTS_DIR)/VideoCorruptor.app/Contents/MacOS/VideoCorruptor";
			};
			name = Release;
		};
		7ED7F05E6C43BD2CE8AB1B39 /* Release */ = {
			isa = XCBuildConfiguration;
			buildSettings = {
				ALWAYS_SEARCH_USER_PATHS = NO;
				CLANG_ANALYZER_NONNULL = YES;
				CLANG_ANALYZER_NUMBER_OBJECT_CONVERSION = YES_AGGRESSIVE;
				CLANG_CXX_LANGUAGE_STANDARD = "gnu++14";
				CLANG_CXX_LIBRARY = "libc++";
				CLANG_ENABLE_MODULES = YES;
				CLANG_ENABLE_OBJC_ARC = YES;
				CLANG_ENABLE_OBJC_WEAK = YES;
				CLANG_WARN_BLOCK_CAPTURE_AUTORELEASING = YES;
				CLANG_WARN_BOOL_CONVERSION = YES;
				CLANG_WARN_COMMA = YES;
				CLANG_WARN_CONSTANT_CONVERSION = YES;
				CLANG_WARN_DEPRECATED_OBJC_IMPLEMENTATIONS = YES;
				CLANG_WARN_DIRECT_OBJC_ISA_USAGE = YES_ERROR;
				CLANG_WARN_DOCUMENTATION_COMMENTS = YES;
				CLANG_WARN_EMPTY_BODY = YES;
				CLANG_WARN_ENUM_CONVERSION = YES;
				CLANG_WARN_INFINITE_RECURSION = YES;
				CLANG_WARN_INT_CONVERSION = YES;
				CLANG_WARN_NON_LITERAL_NULL_CONVERSION = YES;
				CLANG_WARN_OBJC_IMPLICIT_RETAIN_SELF = YES;
				CLANG_WARN_OBJC_LITERAL_CONVERSION = YES;
				CLANG_WARN_OBJC_ROOT_CLASS = YES_ERROR;
				CLANG_WARN_QUOTED_INCLUDE_IN_FRAMEWORK_HEADER = YES;
				CLANG_WARN_RANGE_LOOP_ANALYSIS = YES;
				CLANG_WARN_STRICT_PROTOTYPES = YES;
				CLANG_WARN_SUSPICIOUS_MOVE = YES;
				CLANG_WARN_UNGUARDED_AVAILABILITY = YES_AGGRESSIVE;
				CLANG_WARN_UNREACHABLE_CODE = YES;
				CLANG_WARN__DUPLICATE_METHOD_MATCH = YES;
				COPY_PHASE_STRIP = NO;
				DEBUG_INFORMATION_FORMAT = "dwarf-with-dsym";
				ENABLE_NS_ASSERTIONS = NO;
				ENABLE_STRICT_OBJC_MSGSEND = YES;
				ENABLE_USER_SCRIPT_SANDBOXING = YES;
				GCC_C_LANGUAGE_STANDARD = gnu11;
				GCC_NO_COMMON_BLOCKS = YES;
				GCC_WARN_64_TO_32_BIT_CONVERSION = YES;
				GCC_WARN_ABOUT_RETURN_TYPE = YES_ERROR;
				GCC_WARN_UNDECLARED_SELECTOR = YES;
				GCC_WARN_UNINITIALIZED_AUTOS = YES_AGGRESSIVE;
				GCC_WARN_UNUSED_FUNCTION = YES;
				GCC_WARN_UNUSED_VARIABLE = YES;
				MACOSX_DEPLOYMENT_TARGET = 15.0;
				MTL_ENABLE_DEBUG_INFO = NO;
				MTL_FAST_MATH = YES;
				PRODUCT_NAME = "$(TARGET_NAME)";
				SDKROOT = macosx;
				SWIFT_COMPILATION_MODE = wholemodule;
				SWIFT_OPTIMIZATION_LEVEL = "-O";
				SWIFT_STRICT_CONCURRENCY = complete;
				SWIFT_VERSION = 6.0;
			};
			name = Release;
		};
		D8A2FBA4EFCDF2BEE81C26F8 /* Debug */ = {
			isa = XCBuildConfiguration;
			buildSettings = {
				BUNDLE_LOADER = "$(TEST_HOST)";
				CODE_SIGN_STYLE = Automatic;
				COMBINE_HIDPI_IMAGES = YES;
				GENERATE_INFOPLIST_FILE = YES;
				LD_RUNPATH_SEARCH_PATHS = (
					"$(inherited)",
					"@executable_path/../Frameworks",
					"@loader_path/../Frameworks",
				);
				PRODUCT_BUNDLE_IDENTIFIER = com.videotools.VideoCorruptorTests;
				SDKROOT = macosx;
				TEST_HOST = "$(BUILT_PRODUCTS_DIR)/VideoCorruptor.app/Contents/MacOS/VideoCorruptor";
			};
			name = Debug;
		};
		DF541ED6D045781B64724D88 /* Debug */ = {
			isa = XCBuildConfiguration;
			buildSettings = {
				ALWAYS_SEARCH_USER_PATHS = NO;
				CLANG_ANALYZER_NONNULL = YES;
				CLANG_ANALYZER_NUMBER_OBJECT_CONVERSION = YES_AGGRESSIVE;
				CLANG_CXX_LANGUAGE_STANDARD = "gnu++14";
				CLANG_CXX_LIBRARY = "libc++";
				CLANG_ENABLE_MODULES = YES;
				CLANG_ENABLE_OBJC_ARC = YES;
				CLANG_ENABLE_OBJC_WEAK = YES;
				CLANG_WARN_BLOCK_CAPTURE_AUTORELEASING = YES;
				CLANG_WARN_BOOL_CONVERSION = YES;
				CLANG_WARN_COMMA = YES;
				CLANG_WARN_CONSTANT_CONVERSION = YES;
				CLANG_WARN_DEPRECATED_OBJC_IMPLEMENTATIONS = YES;
				CLANG_WARN_DIRECT_OBJC_ISA_USAGE = YES_ERROR;
				CLANG_WARN_DOCUMENTATION_COMMENTS = YES;
				CLANG_WARN_EMPTY_BODY = YES;
				CLANG_WARN_ENUM_CONVERSION = YES;
				CLANG_WARN_INFINITE_RECURSION = YES;
				CLANG_WARN_INT_CONVERSION = YES;
				CLANG_WARN_NON_LITERAL_NULL_CONVERSION = YES;
				CLANG_WARN_OBJC_IMPLICIT_RETAIN_SELF = YES;
				CLANG_WARN_OBJC_LITERAL_CONVERSION = YES;
				CLANG_WARN_OBJC_ROOT_CLASS = YES_ERROR;
				CLANG_WARN_QUOTED_INCLUDE_IN_FRAMEWORK_HEADER = YES;
				CLANG_WARN_RANGE_LOOP_ANALYSIS = YES;
				CLANG_WARN_STRICT_PROTOTYPES = YES;
				CLANG_WARN_SUSPICIOUS_MOVE = YES;
				CLANG_WARN_UNGUARDED_AVAILABILITY = YES_AGGRESSIVE;
				CLANG_WARN_UNREACHABLE_CODE = YES;
				CLANG_WARN__DUPLICATE_METHOD_MATCH = YES;
				COPY_PHASE_STRIP = NO;
				DEBUG_INFORMATION_FORMAT = dwarf;
				ENABLE_STRICT_OBJC_MSGSEND = YES;
				ENABLE_TESTABILITY = YES;
				ENABLE_USER_SCRIPT_SANDBOXING = YES;
				GCC_C_LANGUAGE_STANDARD = gnu11;
				GCC_DYNAMIC_NO_PIC = NO;
				GCC_NO_COMMON_BLOCKS = YES;
				GCC_OPTIMIZATION_LEVEL = 0;
				GCC_PREPROCESSOR_DEFINITIONS = (
					"$(inherited)",
					"DEBUG=1",
				);
				GCC_WARN_64_TO_32_BIT_CONVERSION = YES;
				GCC_WARN_ABOUT_RETURN_TYPE = YES_ERROR;
				GCC_WARN_UNDECLARED_SELECTOR = YES;
				GCC_WARN_UNINITIALIZED_AUTOS = YES_AGGRESSIVE;
				GCC_WARN_UNUSED_FUNCTION = YES;
				GCC_WARN_UNUSED_VARIABLE = YES;
				MACOSX_DEPLOYMENT_TARGET = 15.0;
				MTL_ENABLE_DEBUG_INFO = INCLUDE_SOURCE;
				MTL_FAST_MATH = YES;
				ONLY_ACTIVE_ARCH = YES;
				PRODUCT_NAME = "$(TARGET_NAME)";
				SDKROOT = macosx;
				SWIFT_ACTIVE_COMPILATION_CONDITIONS = DEBUG;
				SWIFT_OPTIMIZATION_LEVEL = "-Onone";
				SWIFT_STRICT_CONCURRENCY = complete;
				SWIFT_VERSION = 6.0;
			};
			name = Debug;
		};
/* End XCBuildConfiguration section */

/* Begin XCConfigurationList section */
		3ABF9D7824A5760DF45F3F44 /* Build configuration list for PBXNativeTarget "VideoCorruptorTests" */ = {
			isa = XCConfigurationList;
			buildConfigurations = (
				D8A2FBA4EFCDF2BEE81C26F8 /* Debug */,
				439A19DEE8B6512F5CE06784 /* Release */,
			);
			defaultConfigurationIsVisible = 0;
			defaultConfigurationName = Debug;
		};
		75271D2F8A21EAF8A6353BB1 /* Build configuration list for PBXProject "VideoCorruptor" */ = {
			isa = XCConfigurationList;
			buildConfigurations = (
				DF541ED6D045781B64724D88 /* Debug */,
				7ED7F05E6C43BD2CE8AB1B39 /* Release */,
			);
			defaultConfigurationIsVisible = 0;
			defaultConfigurationName = Debug;
		};
		C42021C78D5699D1E50E756F /* Build configuration list for PBXNativeTarget "VideoCorruptor" */ = {
			isa = XCConfigurationList;
			buildConfigurations = (
				3C57880BA47DD1F3C20B5998 /* Debug */,
				0B18A0BD3C37E53C4E797D26 /* Release */,
			);
			defaultConfigurationIsVisible = 0;
			defaultConfigurationName = Debug;
		};
/* End XCConfigurationList section */
	};
	rootObject = 65EF5557A5E067810F4CD69B /* Project object */;
}
